# THIS IS AN AUTOGENERATED FILE. DO NOT EDIT THIS FILE DIRECTLY.
# yarn lockfile v1


jsqr@^1.2.0:
  version "1.2.0"
  resolved "https://registry.yarnpkg.com/jsqr/-/jsqr-1.2.0.tgz#f93fc65fa7d1ded78b1bcb020fa044352b04261a"
  integrity sha512-wKcQS9QC2VHGk7aphWCp1RrFyC0CM6fMgC5prZZ2KV/Lk6OKNoCod9IR6bao+yx3KPY0gZFC5dc+h+KFzCI0Wg==
